// !$*UTF8*$!
{
	archiveVersion = 1;
	classes = {
	};
	objectVersion = 50;
	objects = {

/* Begin PBXBuildFile section */
		132583E153B9435256AD8A93 /* Pods_Schedule.framework in Frameworks */ = {isa = PBXBuildFile; fileRef = 8F937AEF2E832B0CC8EFA1FF /* Pods_Schedule.framework */; };
		9B0C6A11216500DA0055A7CD /* TaskTitleTableViewCell.swift in Sources */ = {isa = PBXBuildFile; fileRef = 9B0C6A0F216500DA0055A7CD /* TaskTitleTableViewCell.swift */; };
		9B0C6A12216500DA0055A7CD /* TaskTitleTableViewCell.xib in Resources */ = {isa = PBXBuildFile; fileRef = 9B0C6A10216500DA0055A7CD /* TaskTitleTableViewCell.xib */; };
		9B0C6A15216501970055A7CD /* TimingTableViewCell.swift in Sources */ = {isa = PBXBuildFile; fileRef = 9B0C6A13216501970055A7CD /* TimingTableViewCell.swift */; };
		9B0C6A16216501970055A7CD /* TimingTableViewCell.xib in Resources */ = {isa = PBXBuildFile; fileRef = 9B0C6A14216501970055A7CD /* TimingTableViewCell.xib */; };
		9B0C6A19216502EF0055A7CD /* ConsecutiveTableViewCell.swift in Sources */ = {isa = PBXBuildFile; fileRef = 9B0C6A17216502EF0055A7CD /* ConsecutiveTableViewCell.swift */; };
		9B0C6A1A216502EF0055A7CD /* ConsecutiveTableViewCell.xib in Resources */ = {isa = PBXBuildFile; fileRef = 9B0C6A18216502EF0055A7CD /* ConsecutiveTableViewCell.xib */; };
		9B0C6A1D216507C10055A7CD /* NotesTableViewCell.swift in Sources */ = {isa = PBXBuildFile; fileRef = 9B0C6A1B216507C10055A7CD /* NotesTableViewCell.swift */; };
		9B0C6A1E216507C10055A7CD /* NotesTableViewCell.xib in Resources */ = {isa = PBXBuildFile; fileRef = 9B0C6A1C216507C10055A7CD /* NotesTableViewCell.xib */; };
		9B0C6A21216509B10055A7CD /* DeleteTableViewCell.swift in Sources */ = {isa = PBXBuildFile; fileRef = 9B0C6A1F216509B10055A7CD /* DeleteTableViewCell.swift */; };
		9B0C6A22216509B10055A7CD /* DeleteTableViewCell.xib in Resources */ = {isa = PBXBuildFile; fileRef = 9B0C6A20216509B10055A7CD /* DeleteTableViewCell.xib */; };
		9B0DA51F2161E93800369FF1 /* CustomPickerView.swift in Sources */ = {isa = PBXBuildFile; fileRef = 9B0DA51E2161E93800369FF1 /* CustomPickerView.swift */; };
		9B0DA52521634FE500369FF1 /* TaskManager.swift in Sources */ = {isa = PBXBuildFile; fileRef = 9B0DA52421634FE500369FF1 /* TaskManager.swift */; };
		9B7AD237216370540021EA27 /* UIView+AN.swift in Sources */ = {isa = PBXBuildFile; fileRef = 9B7AD236216370540021EA27 /* UIView+AN.swift */; };
		9B7AD2392163D6330021EA27 /* DailyTaskViewController.swift in Sources */ = {isa = PBXBuildFile; fileRef = 9B7AD2382163D6330021EA27 /* DailyTaskViewController.swift */; };
		9B7AD23B2163D8620021EA27 /* CategorySelectorViewController.swift in Sources */ = {isa = PBXBuildFile; fileRef = 9B7AD23A2163D8620021EA27 /* CategorySelectorViewController.swift */; };
		9B7AD2402163DB2A0021EA27 /* DailyTaskTableViewCell.swift in Sources */ = {isa = PBXBuildFile; fileRef = 9B7AD23E2163DB2A0021EA27 /* DailyTaskTableViewCell.swift */; };
		9B7AD2412163DB2A0021EA27 /* DailyTaskTableViewCell.xib in Resources */ = {isa = PBXBuildFile; fileRef = 9B7AD23F2163DB2A0021EA27 /* DailyTaskTableViewCell.xib */; };
		9B7AD24421644C390021EA27 /* DailyHeaderTableViewCell.swift in Sources */ = {isa = PBXBuildFile; fileRef = 9B7AD24221644C390021EA27 /* DailyHeaderTableViewCell.swift */; };
		9B7AD24521644C390021EA27 /* DailyHeaderTableViewCell.xib in Resources */ = {isa = PBXBuildFile; fileRef = 9B7AD24321644C390021EA27 /* DailyHeaderTableViewCell.xib */; };
		9BAF7639215E227A00101BBA /* Task.storyboard in Resources */ = {isa = PBXBuildFile; fileRef = 9BAF7637215E227900101BBA /* Task.storyboard */; };
		9BAF763E215E23AE00101BBA /* Category.storyboard in Resources */ = {isa = PBXBuildFile; fileRef = 9BAF763C215E23AE00101BBA /* Category.storyboard */; };
		9BAF7640215E9F7900101BBA /* CategoryViewController.swift in Sources */ = {isa = PBXBuildFile; fileRef = 9BAF763F215E9F7900101BBA /* CategoryViewController.swift */; };
		9BAF7644215F3C5300101BBA /* Setting.storyboard in Resources */ = {isa = PBXBuildFile; fileRef = 9BAF7642215F3C5200101BBA /* Setting.storyboard */; };
		9BAF7646215F55DC00101BBA /* SettingViewController.swift in Sources */ = {isa = PBXBuildFile; fileRef = 9BAF7645215F55DC00101BBA /* SettingViewController.swift */; };
		9BAF7652215F85D000101BBA /* DayCollectionViewCell.swift in Sources */ = {isa = PBXBuildFile; fileRef = 9BAF7650215F85D000101BBA /* DayCollectionViewCell.swift */; };
		9BAF7653215F85D000101BBA /* DayCollectionViewCell.xib in Resources */ = {isa = PBXBuildFile; fileRef = 9BAF7651215F85D000101BBA /* DayCollectionViewCell.xib */; };
		9BAF7656215F8BC100101BBA /* MonthCollectionViewCell.swift in Sources */ = {isa = PBXBuildFile; fileRef = 9BAF7654215F8BC100101BBA /* MonthCollectionViewCell.swift */; };
		9BAF7657215F8BC100101BBA /* MonthCollectionViewCell.xib in Resources */ = {isa = PBXBuildFile; fileRef = 9BAF7655215F8BC100101BBA /* MonthCollectionViewCell.xib */; };
		9BB5D5DC2151FDD2005F225C /* AppDelegate.swift in Sources */ = {isa = PBXBuildFile; fileRef = 9BB5D5DB2151FDD2005F225C /* AppDelegate.swift */; };
		9BB5D5DE2151FDD2005F225C /* MainViewController.swift in Sources */ = {isa = PBXBuildFile; fileRef = 9BB5D5DD2151FDD2005F225C /* MainViewController.swift */; };
		9BB5D5E12151FDD2005F225C /* Main.storyboard in Resources */ = {isa = PBXBuildFile; fileRef = 9BB5D5DF2151FDD2005F225C /* Main.storyboard */; };
		9BB5D5E42151FDD2005F225C /* Schedule.xcdatamodeld in Sources */ = {isa = PBXBuildFile; fileRef = 9BB5D5E22151FDD2005F225C /* Schedule.xcdatamodeld */; };
		9BB5D5E62151FDD8005F225C /* Assets.xcassets in Resources */ = {isa = PBXBuildFile; fileRef = 9BB5D5E52151FDD8005F225C /* Assets.xcassets */; };
		9BB5D5E92151FDD8005F225C /* LaunchScreen.storyboard in Resources */ = {isa = PBXBuildFile; fileRef = 9BB5D5E72151FDD8005F225C /* LaunchScreen.storyboard */; };
		9BB88A1F21539EF100E5331E /* GanttTableViewCell.swift in Sources */ = {isa = PBXBuildFile; fileRef = 9BB88A1D21539EF100E5331E /* GanttTableViewCell.swift */; };
		9BB88A2021539EF100E5331E /* GanttTableViewCell.xib in Resources */ = {isa = PBXBuildFile; fileRef = 9BB88A1E21539EF100E5331E /* GanttTableViewCell.xib */; };
		9BB88A272154907400E5331E /* DateCollectionViewCell.swift in Sources */ = {isa = PBXBuildFile; fileRef = 9BB88A252154907400E5331E /* DateCollectionViewCell.swift */; };
		9BB88A282154907400E5331E /* DateCollectionViewCell.xib in Resources */ = {isa = PBXBuildFile; fileRef = 9BB88A262154907400E5331E /* DateCollectionViewCell.xib */; };
		9BB88A2B2154999400E5331E /* HeaderTableViewCell.swift in Sources */ = {isa = PBXBuildFile; fileRef = 9BB88A292154999400E5331E /* HeaderTableViewCell.swift */; };
		9BB88A2C2154999400E5331E /* HeaderTableViewCell.xib in Resources */ = {isa = PBXBuildFile; fileRef = 9BB88A2A2154999400E5331E /* HeaderTableViewCell.xib */; };
		9BD502D52153445200701DA9 /* GanttViewController.swift in Sources */ = {isa = PBXBuildFile; fileRef = 9BD502D42153445200701DA9 /* GanttViewController.swift */; };
		9BD502DC215349B800701DA9 /* ItemCollectionViewCell.swift in Sources */ = {isa = PBXBuildFile; fileRef = 9BD502DA215349B800701DA9 /* ItemCollectionViewCell.swift */; };
		9BD502DD215349B800701DA9 /* ItemCollectionViewCell.xib in Resources */ = {isa = PBXBuildFile; fileRef = 9BD502DB215349B800701DA9 /* ItemCollectionViewCell.xib */; };
		9BD502DF2153573200701DA9 /* ExtensionStoryboard.swift in Sources */ = {isa = PBXBuildFile; fileRef = 9BD502DE2153573200701DA9 /* ExtensionStoryboard.swift */; };
		9BD502E12153791C00701DA9 /* CalendarViewController.swift in Sources */ = {isa = PBXBuildFile; fileRef = 9BD502E02153791C00701DA9 /* CalendarViewController.swift */; };
		9BF12423215C7EC400AC1C6A /* Task.swift in Sources */ = {isa = PBXBuildFile; fileRef = 9BF12422215C7EC400AC1C6A /* Task.swift */; };
		9BF12425215C81AC00AC1C6A /* Data.swift in Sources */ = {isa = PBXBuildFile; fileRef = 9BF12424215C81AC00AC1C6A /* Data.swift */; };
		9BF12429215CE86300AC1C6A /* TaskViewController.swift in Sources */ = {isa = PBXBuildFile; fileRef = 9BF12428215CE86300AC1C6A /* TaskViewController.swift */; };
/* End PBXBuildFile section */

/* Begin PBXFileReference section */
		139FF4D3292717CB87E4DA48 /* Pods-Schedule.debug.xcconfig */ = {isa = PBXFileReference; includeInIndex = 1; lastKnownFileType = text.xcconfig; name = "Pods-Schedule.debug.xcconfig"; path = "Pods/Target Support Files/Pods-Schedule/Pods-Schedule.debug.xcconfig"; sourceTree = "<group>"; };
		70149FBBA1AC53051F880E90 /* Pods-Schedule.release.xcconfig */ = {isa = PBXFileReference; includeInIndex = 1; lastKnownFileType = text.xcconfig; name = "Pods-Schedule.release.xcconfig"; path = "Pods/Target Support Files/Pods-Schedule/Pods-Schedule.release.xcconfig"; sourceTree = "<group>"; };
		8F937AEF2E832B0CC8EFA1FF /* Pods_Schedule.framework */ = {isa = PBXFileReference; explicitFileType = wrapper.framework; includeInIndex = 0; path = Pods_Schedule.framework; sourceTree = BUILT_PRODUCTS_DIR; };
		9B0C6A0F216500DA0055A7CD /* TaskTitleTableViewCell.swift */ = {isa = PBXFileReference; lastKnownFileType = sourcecode.swift; path = TaskTitleTableViewCell.swift; sourceTree = "<group>"; };
		9B0C6A10216500DA0055A7CD /* TaskTitleTableViewCell.xib */ = {isa = PBXFileReference; lastKnownFileType = file.xib; path = TaskTitleTableViewCell.xib; sourceTree = "<group>"; };
		9B0C6A13216501970055A7CD /* TimingTableViewCell.swift */ = {isa = PBXFileReference; lastKnownFileType = sourcecode.swift; path = TimingTableViewCell.swift; sourceTree = "<group>"; };
		9B0C6A14216501970055A7CD /* TimingTableViewCell.xib */ = {isa = PBXFileReference; lastKnownFileType = file.xib; path = TimingTableViewCell.xib; sourceTree = "<group>"; };
		9B0C6A17216502EF0055A7CD /* ConsecutiveTableViewCell.swift */ = {isa = PBXFileReference; lastKnownFileType = sourcecode.swift; path = ConsecutiveTableViewCell.swift; sourceTree = "<group>"; };
		9B0C6A18216502EF0055A7CD /* ConsecutiveTableViewCell.xib */ = {isa = PBXFileReference; lastKnownFileType = file.xib; path = ConsecutiveTableViewCell.xib; sourceTree = "<group>"; };
		9B0C6A1B216507C10055A7CD /* NotesTableViewCell.swift */ = {isa = PBXFileReference; lastKnownFileType = sourcecode.swift; path = NotesTableViewCell.swift; sourceTree = "<group>"; };
		9B0C6A1C216507C10055A7CD /* NotesTableViewCell.xib */ = {isa = PBXFileReference; lastKnownFileType = file.xib; path = NotesTableViewCell.xib; sourceTree = "<group>"; };
		9B0C6A1F216509B10055A7CD /* DeleteTableViewCell.swift */ = {isa = PBXFileReference; lastKnownFileType = sourcecode.swift; path = DeleteTableViewCell.swift; sourceTree = "<group>"; };
		9B0C6A20216509B10055A7CD /* DeleteTableViewCell.xib */ = {isa = PBXFileReference; lastKnownFileType = file.xib; path = DeleteTableViewCell.xib; sourceTree = "<group>"; };
		9B0DA51E2161E93800369FF1 /* CustomPickerView.swift */ = {isa = PBXFileReference; lastKnownFileType = sourcecode.swift; path = CustomPickerView.swift; sourceTree = "<group>"; };
		9B0DA52421634FE500369FF1 /* TaskManager.swift */ = {isa = PBXFileReference; lastKnownFileType = sourcecode.swift; path = TaskManager.swift; sourceTree = "<group>"; };
		9B7AD236216370540021EA27 /* UIView+AN.swift */ = {isa = PBXFileReference; lastKnownFileType = sourcecode.swift; path = "UIView+AN.swift"; sourceTree = "<group>"; };
		9B7AD2382163D6330021EA27 /* DailyTaskViewController.swift */ = {isa = PBXFileReference; lastKnownFileType = sourcecode.swift; path = DailyTaskViewController.swift; sourceTree = "<group>"; };
		9B7AD23A2163D8620021EA27 /* CategorySelectorViewController.swift */ = {isa = PBXFileReference; lastKnownFileType = sourcecode.swift; path = CategorySelectorViewController.swift; sourceTree = "<group>"; };
		9B7AD23E2163DB2A0021EA27 /* DailyTaskTableViewCell.swift */ = {isa = PBXFileReference; lastKnownFileType = sourcecode.swift; path = DailyTaskTableViewCell.swift; sourceTree = "<group>"; };
		9B7AD23F2163DB2A0021EA27 /* DailyTaskTableViewCell.xib */ = {isa = PBXFileReference; lastKnownFileType = file.xib; path = DailyTaskTableViewCell.xib; sourceTree = "<group>"; };
		9B7AD24221644C390021EA27 /* DailyHeaderTableViewCell.swift */ = {isa = PBXFileReference; lastKnownFileType = sourcecode.swift; path = DailyHeaderTableViewCell.swift; sourceTree = "<group>"; };
		9B7AD24321644C390021EA27 /* DailyHeaderTableViewCell.xib */ = {isa = PBXFileReference; lastKnownFileType = file.xib; path = DailyHeaderTableViewCell.xib; sourceTree = "<group>"; };
		9BAF7638215E227900101BBA /* Base */ = {isa = PBXFileReference; lastKnownFileType = file.storyboard; name = Base; path = Base.lproj/Task.storyboard; sourceTree = "<group>"; };
		9BAF763D215E23AE00101BBA /* Base */ = {isa = PBXFileReference; lastKnownFileType = file.storyboard; name = Base; path = Base.lproj/Category.storyboard; sourceTree = "<group>"; };
		9BAF763F215E9F7900101BBA /* CategoryViewController.swift */ = {isa = PBXFileReference; lastKnownFileType = sourcecode.swift; path = CategoryViewController.swift; sourceTree = "<group>"; };
		9BAF7643215F3C5200101BBA /* Base */ = {isa = PBXFileReference; lastKnownFileType = file.storyboard; name = Base; path = Base.lproj/Setting.storyboard; sourceTree = "<group>"; };
		9BAF7645215F55DC00101BBA /* SettingViewController.swift */ = {isa = PBXFileReference; lastKnownFileType = sourcecode.swift; path = SettingViewController.swift; sourceTree = "<group>"; };
		9BAF7650215F85D000101BBA /* DayCollectionViewCell.swift */ = {isa = PBXFileReference; lastKnownFileType = sourcecode.swift; path = DayCollectionViewCell.swift; sourceTree = "<group>"; };
		9BAF7651215F85D000101BBA /* DayCollectionViewCell.xib */ = {isa = PBXFileReference; lastKnownFileType = file.xib; path = DayCollectionViewCell.xib; sourceTree = "<group>"; };
		9BAF7654215F8BC100101BBA /* MonthCollectionViewCell.swift */ = {isa = PBXFileReference; lastKnownFileType = sourcecode.swift; path = MonthCollectionViewCell.swift; sourceTree = "<group>"; };
		9BAF7655215F8BC100101BBA /* MonthCollectionViewCell.xib */ = {isa = PBXFileReference; lastKnownFileType = file.xib; path = MonthCollectionViewCell.xib; sourceTree = "<group>"; };
		9BB5D5D82151FDD2005F225C /* Schedule.app */ = {isa = PBXFileReference; explicitFileType = wrapper.application; includeInIndex = 0; path = Schedule.app; sourceTree = BUILT_PRODUCTS_DIR; };
		9BB5D5DB2151FDD2005F225C /* AppDelegate.swift */ = {isa = PBXFileReference; lastKnownFileType = sourcecode.swift; path = AppDelegate.swift; sourceTree = "<group>"; };
		9BB5D5DD2151FDD2005F225C /* MainViewController.swift */ = {isa = PBXFileReference; lastKnownFileType = sourcecode.swift; path = MainViewController.swift; sourceTree = "<group>"; };
		9BB5D5E02151FDD2005F225C /* Base */ = {isa = PBXFileReference; lastKnownFileType = file.storyboard; name = Base; path = Base.lproj/Main.storyboard; sourceTree = "<group>"; };
		9BB5D5E32151FDD2005F225C /* Schedule.xcdatamodel */ = {isa = PBXFileReference; lastKnownFileType = wrapper.xcdatamodel; path = Schedule.xcdatamodel; sourceTree = "<group>"; };
		9BB5D5E52151FDD8005F225C /* Assets.xcassets */ = {isa = PBXFileReference; lastKnownFileType = folder.assetcatalog; path = Assets.xcassets; sourceTree = "<group>"; };
		9BB5D5E82151FDD8005F225C /* Base */ = {isa = PBXFileReference; lastKnownFileType = file.storyboard; name = Base; path = Base.lproj/LaunchScreen.storyboard; sourceTree = "<group>"; };
		9BB5D5EA2151FDD8005F225C /* Info.plist */ = {isa = PBXFileReference; lastKnownFileType = text.plist.xml; path = Info.plist; sourceTree = "<group>"; };
		9BB88A1D21539EF100E5331E /* GanttTableViewCell.swift */ = {isa = PBXFileReference; lastKnownFileType = sourcecode.swift; path = GanttTableViewCell.swift; sourceTree = "<group>"; };
		9BB88A1E21539EF100E5331E /* GanttTableViewCell.xib */ = {isa = PBXFileReference; lastKnownFileType = file.xib; path = GanttTableViewCell.xib; sourceTree = "<group>"; };
		9BB88A252154907400E5331E /* DateCollectionViewCell.swift */ = {isa = PBXFileReference; lastKnownFileType = sourcecode.swift; path = DateCollectionViewCell.swift; sourceTree = "<group>"; };
		9BB88A262154907400E5331E /* DateCollectionViewCell.xib */ = {isa = PBXFileReference; lastKnownFileType = file.xib; path = DateCollectionViewCell.xib; sourceTree = "<group>"; };
		9BB88A292154999400E5331E /* HeaderTableViewCell.swift */ = {isa = PBXFileReference; lastKnownFileType = sourcecode.swift; path = HeaderTableViewCell.swift; sourceTree = "<group>"; };
		9BB88A2A2154999400E5331E /* HeaderTableViewCell.xib */ = {isa = PBXFileReference; lastKnownFileType = file.xib; path = HeaderTableViewCell.xib; sourceTree = "<group>"; };
		9BD502D42153445200701DA9 /* GanttViewController.swift */ = {isa = PBXFileReference; lastKnownFileType = sourcecode.swift; path = GanttViewController.swift; sourceTree = "<group>"; };
		9BD502DA215349B800701DA9 /* ItemCollectionViewCell.swift */ = {isa = PBXFileReference; lastKnownFileType = sourcecode.swift; path = ItemCollectionViewCell.swift; sourceTree = "<group>"; };
		9BD502DB215349B800701DA9 /* ItemCollectionViewCell.xib */ = {isa = PBXFileReference; lastKnownFileType = file.xib; path = ItemCollectionViewCell.xib; sourceTree = "<group>"; };
		9BD502DE2153573200701DA9 /* ExtensionStoryboard.swift */ = {isa = PBXFileReference; lastKnownFileType = sourcecode.swift; path = ExtensionStoryboard.swift; sourceTree = "<group>"; };
		9BD502E02153791C00701DA9 /* CalendarViewController.swift */ = {isa = PBXFileReference; lastKnownFileType = sourcecode.swift; path = CalendarViewController.swift; sourceTree = "<group>"; };
		9BF12422215C7EC400AC1C6A /* Task.swift */ = {isa = PBXFileReference; lastKnownFileType = sourcecode.swift; path = Task.swift; sourceTree = "<group>"; };
		9BF12424215C81AC00AC1C6A /* Data.swift */ = {isa = PBXFileReference; lastKnownFileType = sourcecode.swift; path = Data.swift; sourceTree = "<group>"; };
		9BF12428215CE86300AC1C6A /* TaskViewController.swift */ = {isa = PBXFileReference; lastKnownFileType = sourcecode.swift; path = TaskViewController.swift; sourceTree = "<group>"; };
/* End PBXFileReference section */

/* Begin PBXFrameworksBuildPhase section */
		9BB5D5D52151FDD2005F225C /* Frameworks */ = {
			isa = PBXFrameworksBuildPhase;
			buildActionMask = 2147483647;
			files = (
				132583E153B9435256AD8A93 /* Pods_Schedule.framework in Frameworks */,
			);
			runOnlyForDeploymentPostprocessing = 0;
		};
/* End PBXFrameworksBuildPhase section */

/* Begin PBXGroup section */
		0520F2D37968833CB7B55D8F /* Pods */ = {
			isa = PBXGroup;
			children = (
				139FF4D3292717CB87E4DA48 /* Pods-Schedule.debug.xcconfig */,
				70149FBBA1AC53051F880E90 /* Pods-Schedule.release.xcconfig */,
			);
			name = Pods;
			sourceTree = "<group>";
		};
		4A354633F6ECF4DD0E3637EB /* Frameworks */ = {
			isa = PBXGroup;
			children = (
				8F937AEF2E832B0CC8EFA1FF /* Pods_Schedule.framework */,
			);
			name = Frameworks;
			sourceTree = "<group>";
		};
		9B0C6A2321650AF50055A7CD /* Cells */ = {
			isa = PBXGroup;
			children = (
				9B0C6A0F216500DA0055A7CD /* TaskTitleTableViewCell.swift */,
				9B0C6A10216500DA0055A7CD /* TaskTitleTableViewCell.xib */,
				9B0C6A13216501970055A7CD /* TimingTableViewCell.swift */,
				9B0C6A14216501970055A7CD /* TimingTableViewCell.xib */,
				9B0C6A17216502EF0055A7CD /* ConsecutiveTableViewCell.swift */,
				9B0C6A18216502EF0055A7CD /* ConsecutiveTableViewCell.xib */,
				9B0C6A1B216507C10055A7CD /* NotesTableViewCell.swift */,
				9B0C6A1C216507C10055A7CD /* NotesTableViewCell.xib */,
				9B0C6A1F216509B10055A7CD /* DeleteTableViewCell.swift */,
				9B0C6A20216509B10055A7CD /* DeleteTableViewCell.xib */,
			);
			path = Cells;
			sourceTree = "<group>";
		};
		9B7AD23C2163DA910021EA27 /* DailyTask */ = {
			isa = PBXGroup;
			children = (
				9B7AD2382163D6330021EA27 /* DailyTaskViewController.swift */,
				9B7AD23E2163DB2A0021EA27 /* DailyTaskTableViewCell.swift */,
				9B7AD23F2163DB2A0021EA27 /* DailyTaskTableViewCell.xib */,
				9B7AD24221644C390021EA27 /* DailyHeaderTableViewCell.swift */,
				9B7AD24321644C390021EA27 /* DailyHeaderTableViewCell.xib */,
			);
			path = DailyTask;
			sourceTree = "<group>";
		};
		9B7AD23D2163DAA20021EA27 /* CategorySelector */ = {
			isa = PBXGroup;
			children = (
				9B7AD23A2163D8620021EA27 /* CategorySelectorViewController.swift */,
				9B0DA51E2161E93800369FF1 /* CustomPickerView.swift */,
			);
			path = CategorySelector;
			sourceTree = "<group>";
		};
		9BAF7647215F560300101BBA /* Main */ = {
			isa = PBXGroup;
			children = (
				9BB5D5E72151FDD8005F225C /* LaunchScreen.storyboard */,
				9BB5D5DF2151FDD2005F225C /* Main.storyboard */,
				9BB5D5DD2151FDD2005F225C /* MainViewController.swift */,
				9BF12422215C7EC400AC1C6A /* Task.swift */,
				9BF12424215C81AC00AC1C6A /* Data.swift */,
				9B0DA52421634FE500369FF1 /* TaskManager.swift */,
				9B7AD236216370540021EA27 /* UIView+AN.swift */,
			);
			path = Main;
			sourceTree = "<group>";
		};
		9BAF7648215F562E00101BBA /* Calendar */ = {
			isa = PBXGroup;
			children = (
				9BD502E02153791C00701DA9 /* CalendarViewController.swift */,
				9BAF7650215F85D000101BBA /* DayCollectionViewCell.swift */,
				9BAF7651215F85D000101BBA /* DayCollectionViewCell.xib */,
				9BAF7654215F8BC100101BBA /* MonthCollectionViewCell.swift */,
				9BAF7655215F8BC100101BBA /* MonthCollectionViewCell.xib */,
				9B7AD23C2163DA910021EA27 /* DailyTask */,
				9B7AD23D2163DAA20021EA27 /* CategorySelector */,
			);
			path = Calendar;
			sourceTree = "<group>";
		};
		9BAF7649215F5EEB00101BBA /* Setting */ = {
			isa = PBXGroup;
			children = (
				9BAF7642215F3C5200101BBA /* Setting.storyboard */,
				9BAF7645215F55DC00101BBA /* SettingViewController.swift */,
			);
			path = Setting;
			sourceTree = "<group>";
		};
		9BAF764A215F5F0200101BBA /* Task */ = {
			isa = PBXGroup;
			children = (
				9BAF7637215E227900101BBA /* Task.storyboard */,
				9BF12428215CE86300AC1C6A /* TaskViewController.swift */,
				9B0C6A2321650AF50055A7CD /* Cells */,
			);
			path = Task;
			sourceTree = "<group>";
		};
		9BAF764B215F5F0C00101BBA /* Category */ = {
			isa = PBXGroup;
			children = (
				9BAF763C215E23AE00101BBA /* Category.storyboard */,
				9BAF763F215E9F7900101BBA /* CategoryViewController.swift */,
			);
			path = Category;
			sourceTree = "<group>";
		};
		9BB5D5CF2151FDD2005F225C = {
			isa = PBXGroup;
			children = (
				9BB5D5DA2151FDD2005F225C /* Schedule */,
				9BB5D5D92151FDD2005F225C /* Products */,
				0520F2D37968833CB7B55D8F /* Pods */,
				4A354633F6ECF4DD0E3637EB /* Frameworks */,
			);
			sourceTree = "<group>";
		};
		9BB5D5D92151FDD2005F225C /* Products */ = {
			isa = PBXGroup;
			children = (
				9BB5D5D82151FDD2005F225C /* Schedule.app */,
			);
			name = Products;
			sourceTree = "<group>";
		};
		9BB5D5DA2151FDD2005F225C /* Schedule */ = {
			isa = PBXGroup;
			children = (
				9BB5D5E52151FDD8005F225C /* Assets.xcassets */,
				9BB5D5EA2151FDD8005F225C /* Info.plist */,
				9BB5D5E22151FDD2005F225C /* Schedule.xcdatamodeld */,
				9BB5D5DB2151FDD2005F225C /* AppDelegate.swift */,
				9BD502DE2153573200701DA9 /* ExtensionStoryboard.swift */,
				9BAF7647215F560300101BBA /* Main */,
				9BAF764B215F5F0C00101BBA /* Category */,
				9BAF764A215F5F0200101BBA /* Task */,
				9BAF7649215F5EEB00101BBA /* Setting */,
				9BAF7648215F562E00101BBA /* Calendar */,
				9BB88A2D21549B6500E5331E /* Gantt */,
			);
			path = Schedule;
			sourceTree = "<group>";
		};
		9BB88A2D21549B6500E5331E /* Gantt */ = {
			isa = PBXGroup;
			children = (
				9BD502D42153445200701DA9 /* GanttViewController.swift */,
				9BB88A2F21549C3D00E5331E /* Body */,
				9BB88A2E21549BFC00E5331E /* Header */,
			);
			path = Gantt;
			sourceTree = "<group>";
		};
		9BB88A2E21549BFC00E5331E /* Header */ = {
			isa = PBXGroup;
			children = (
				9BB88A292154999400E5331E /* HeaderTableViewCell.swift */,
				9BB88A2A2154999400E5331E /* HeaderTableViewCell.xib */,
				9BB88A252154907400E5331E /* DateCollectionViewCell.swift */,
				9BB88A262154907400E5331E /* DateCollectionViewCell.xib */,
			);
			path = Header;
			sourceTree = "<group>";
		};
		9BB88A2F21549C3D00E5331E /* Body */ = {
			isa = PBXGroup;
			children = (
				9BB88A1D21539EF100E5331E /* GanttTableViewCell.swift */,
				9BB88A1E21539EF100E5331E /* GanttTableViewCell.xib */,
				9BD502DA215349B800701DA9 /* ItemCollectionViewCell.swift */,
				9BD502DB215349B800701DA9 /* ItemCollectionViewCell.xib */,
			);
			path = Body;
			sourceTree = "<group>";
		};
/* End PBXGroup section */

/* Begin PBXNativeTarget section */
		9BB5D5D72151FDD2005F225C /* Schedule */ = {
			isa = PBXNativeTarget;
			buildConfigurationList = 9BB5D5ED2151FDD8005F225C /* Build configuration list for PBXNativeTarget "Schedule" */;
			buildPhases = (
				90D100A62B82BB0D874634B6 /* [CP] Check Pods Manifest.lock */,
				9BB5D5D42151FDD2005F225C /* Sources */,
				9BB5D5D52151FDD2005F225C /* Frameworks */,
				9BB5D5D62151FDD2005F225C /* Resources */,
				9BB98790215219B000DE7A86 /* Run Script */,
			);
			buildRules = (
			);
			dependencies = (
			);
			name = Schedule;
			productName = Schedule;
			productReference = 9BB5D5D82151FDD2005F225C /* Schedule.app */;
			productType = "com.apple.product-type.application";
		};
/* End PBXNativeTarget section */

/* Begin PBXProject section */
		9BB5D5D02151FDD2005F225C /* Project object */ = {
			isa = PBXProject;
			attributes = {
				LastSwiftUpdateCheck = 1000;
				LastUpgradeCheck = 1000;
				ORGANIZATIONNAME = laalee;
				TargetAttributes = {
					9BB5D5D72151FDD2005F225C = {
						CreatedOnToolsVersion = 10.0;
					};
				};
			};
			buildConfigurationList = 9BB5D5D32151FDD2005F225C /* Build configuration list for PBXProject "Schedule" */;
			compatibilityVersion = "Xcode 9.3";
			developmentRegion = en;
			hasScannedForEncodings = 0;
			knownRegions = (
				en,
				Base,
			);
			mainGroup = 9BB5D5CF2151FDD2005F225C;
			productRefGroup = 9BB5D5D92151FDD2005F225C /* Products */;
			projectDirPath = "";
			projectRoot = "";
			targets = (
				9BB5D5D72151FDD2005F225C /* Schedule */,
			);
		};
/* End PBXProject section */

/* Begin PBXResourcesBuildPhase section */
		9BB5D5D62151FDD2005F225C /* Resources */ = {
			isa = PBXResourcesBuildPhase;
			buildActionMask = 2147483647;
			files = (
				9BB5D5E92151FDD8005F225C /* LaunchScreen.storyboard in Resources */,
				9BAF7639215E227A00101BBA /* Task.storyboard in Resources */,
				9BAF7653215F85D000101BBA /* DayCollectionViewCell.xib in Resources */,
				9B0C6A1E216507C10055A7CD /* NotesTableViewCell.xib in Resources */,
				9B0C6A12216500DA0055A7CD /* TaskTitleTableViewCell.xib in Resources */,
				9BD502DD215349B800701DA9 /* ItemCollectionViewCell.xib in Resources */,
				9BB88A2021539EF100E5331E /* GanttTableViewCell.xib in Resources */,
				9BAF7657215F8BC100101BBA /* MonthCollectionViewCell.xib in Resources */,
				9B7AD2412163DB2A0021EA27 /* DailyTaskTableViewCell.xib in Resources */,
				9BB88A2C2154999400E5331E /* HeaderTableViewCell.xib in Resources */,
				9BB88A282154907400E5331E /* DateCollectionViewCell.xib in Resources */,
				9B0C6A16216501970055A7CD /* TimingTableViewCell.xib in Resources */,
				9B7AD24521644C390021EA27 /* DailyHeaderTableViewCell.xib in Resources */,
				9B0C6A1A216502EF0055A7CD /* ConsecutiveTableViewCell.xib in Resources */,
				9BAF763E215E23AE00101BBA /* Category.storyboard in Resources */,
				9BAF7644215F3C5300101BBA /* Setting.storyboard in Resources */,
				9BB5D5E62151FDD8005F225C /* Assets.xcassets in Resources */,
				9B0C6A22216509B10055A7CD /* DeleteTableViewCell.xib in Resources */,
				9BB5D5E12151FDD2005F225C /* Main.storyboard in Resources */,
			);
			runOnlyForDeploymentPostprocessing = 0;
		};
/* End PBXResourcesBuildPhase section */

/* Begin PBXShellScriptBuildPhase section */
		90D100A62B82BB0D874634B6 /* [CP] Check Pods Manifest.lock */ = {
			isa = PBXShellScriptBuildPhase;
			buildActionMask = 2147483647;
			files = (
			);
			inputPaths = (
				"${PODS_PODFILE_DIR_PATH}/Podfile.lock",
				"${PODS_ROOT}/Manifest.lock",
			);
			name = "[CP] Check Pods Manifest.lock";
			outputPaths = (
				"$(DERIVED_FILE_DIR)/Pods-Schedule-checkManifestLockResult.txt",
			);
			runOnlyForDeploymentPostprocessing = 0;
			shellPath = /bin/sh;
			shellScript = "diff \"${PODS_PODFILE_DIR_PATH}/Podfile.lock\" \"${PODS_ROOT}/Manifest.lock\" > /dev/null\nif [ $? != 0 ] ; then\n    # print error to STDERR\n    echo \"error: The sandbox is not in sync with the Podfile.lock. Run 'pod install' or update your CocoaPods installation.\" >&2\n    exit 1\nfi\n# This output is used by Xcode 'outputs' to avoid re-running this script phase.\necho \"SUCCESS\" > \"${SCRIPT_OUTPUT_FILE_0}\"\n";
			showEnvVarsInLog = 0;
		};
		9BB98790215219B000DE7A86 /* Run Script */ = {
			isa = PBXShellScriptBuildPhase;
			buildActionMask = 2147483647;
			files = (
			);
			inputFileListPaths = (
			);
			inputPaths = (
			);
			name = "Run Script";
			outputFileListPaths = (
			);
			outputPaths = (
			);
			runOnlyForDeploymentPostprocessing = 0;
			shellPath = /bin/sh;
			shellScript = "# Type a script or drag a script file from your workspace to insert its path.\n\"${PODS_ROOT}/SwiftLint/swiftlint\"\n";
		};
/* End PBXShellScriptBuildPhase section */

/* Begin PBXSourcesBuildPhase section */
		9BB5D5D42151FDD2005F225C /* Sources */ = {
			isa = PBXSourcesBuildPhase;
			buildActionMask = 2147483647;
			files = (
				9BD502DF2153573200701DA9 /* ExtensionStoryboard.swift in Sources */,
				9B0C6A11216500DA0055A7CD /* TaskTitleTableViewCell.swift in Sources */,
				9BB5D5DE2151FDD2005F225C /* MainViewController.swift in Sources */,
				9B0C6A15216501970055A7CD /* TimingTableViewCell.swift in Sources */,
				9B0DA52521634FE500369FF1 /* TaskManager.swift in Sources */,
				9B0DA51F2161E93800369FF1 /* CustomPickerView.swift in Sources */,
				9BAF7640215E9F7900101BBA /* CategoryViewController.swift in Sources */,
				9BD502DC215349B800701DA9 /* ItemCollectionViewCell.swift in Sources */,
				9BD502D52153445200701DA9 /* GanttViewController.swift in Sources */,
				9B7AD24421644C390021EA27 /* DailyHeaderTableViewCell.swift in Sources */,
				9B7AD2402163DB2A0021EA27 /* DailyTaskTableViewCell.swift in Sources */,
				9BAF7646215F55DC00101BBA /* SettingViewController.swift in Sources */,
				9BF12423215C7EC400AC1C6A /* Task.swift in Sources */,
				9BB88A272154907400E5331E /* DateCollectionViewCell.swift in Sources */,
				9BAF7656215F8BC100101BBA /* MonthCollectionViewCell.swift in Sources */,
				9BAF7652215F85D000101BBA /* DayCollectionViewCell.swift in Sources */,
				9B7AD237216370540021EA27 /* UIView+AN.swift in Sources */,
				9BB88A2B2154999400E5331E /* HeaderTableViewCell.swift in Sources */,
				9BF12425215C81AC00AC1C6A /* Data.swift in Sources */,
				9B0C6A1D216507C10055A7CD /* NotesTableViewCell.swift in Sources */,
				9BF12429215CE86300AC1C6A /* TaskViewController.swift in Sources */,
				9B0C6A21216509B10055A7CD /* DeleteTableViewCell.swift in Sources */,
				9BB88A1F21539EF100E5331E /* GanttTableViewCell.swift in Sources */,
				9BB5D5E42151FDD2005F225C /* Schedule.xcdatamodeld in Sources */,
				9B7AD23B2163D8620021EA27 /* CategorySelectorViewController.swift in Sources */,
				9B0C6A19216502EF0055A7CD /* ConsecutiveTableViewCell.swift in Sources */,
				9BD502E12153791C00701DA9 /* CalendarViewController.swift in Sources */,
				9BB5D5DC2151FDD2005F225C /* AppDelegate.swift in Sources */,
				9B7AD2392163D6330021EA27 /* DailyTaskViewController.swift in Sources */,
			);
			runOnlyForDeploymentPostprocessing = 0;
		};
/* End PBXSourcesBuildPhase section */

/* Begin PBXVariantGroup section */
		9BAF7637215E227900101BBA /* Task.storyboard */ = {
			isa = PBXVariantGroup;
			children = (
				9BAF7638215E227900101BBA /* Base */,
			);
			name = Task.storyboard;
			sourceTree = "<group>";
		};
		9BAF763C215E23AE00101BBA /* Category.storyboard */ = {
			isa = PBXVariantGroup;
			children = (
				9BAF763D215E23AE00101BBA /* Base */,
			);
			name = Category.storyboard;
			sourceTree = "<group>";
		};
		9BAF7642215F3C5200101BBA /* Setting.storyboard */ = {
			isa = PBXVariantGroup;
			children = (
				9BAF7643215F3C5200101BBA /* Base */,
			);
			name = Setting.storyboard;
			sourceTree = "<group>";
		};
		9BB5D5DF2151FDD2005F225C /* Main.storyboard */ = {
			isa = PBXVariantGroup;
			children = (
				9BB5D5E02151FDD2005F225C /* Base */,
			);
			name = Main.storyboard;
			sourceTree = "<group>";
		};
		9BB5D5E72151FDD8005F225C /* LaunchScreen.storyboard */ = {
			isa = PBXVariantGroup;
			children = (
				9BB5D5E82151FDD8005F225C /* Base */,
			);
			name = LaunchScreen.storyboard;
			sourceTree = "<group>";
		};
/* End PBXVariantGroup section */

/* Begin XCBuildConfiguration section */
		9BB5D5EB2151FDD8005F225C /* Debug */ = {
			isa = XCBuildConfiguration;
			buildSettings = {
				ALWAYS_SEARCH_USER_PATHS = NO;
				CLANG_ANALYZER_NONNULL = YES;
				CLANG_ANALYZER_NUMBER_OBJECT_CONVERSION = YES_AGGRESSIVE;
				CLANG_CXX_LANGUAGE_STANDARD = "gnu++14";
				CLANG_CXX_LIBRARY = "libc++";
				CLANG_ENABLE_MODULES = YES;
				CLANG_ENABLE_OBJC_ARC = YES;
				CLANG_ENABLE_OBJC_WEAK = YES;
				CLANG_WARN_BLOCK_CAPTURE_AUTORELEASING = YES;
				CLANG_WARN_BOOL_CONVERSION = YES;
				CLANG_WARN_COMMA = YES;
				CLANG_WARN_CONSTANT_CONVERSION = YES;
				CLANG_WARN_DEPRECATED_OBJC_IMPLEMENTATIONS = YES;
				CLANG_WARN_DIRECT_OBJC_ISA_USAGE = YES_ERROR;
				CLANG_WARN_DOCUMENTATION_COMMENTS = YES;
				CLANG_WARN_EMPTY_BODY = YES;
				CLANG_WARN_ENUM_CONVERSION = YES;
				CLANG_WARN_INFINITE_RECURSION = YES;
				CLANG_WARN_INT_CONVERSION = YES;
				CLANG_WARN_NON_LITERAL_NULL_CONVERSION = YES;
				CLANG_WARN_OBJC_IMPLICIT_RETAIN_SELF = YES;
				CLANG_WARN_OBJC_LITERAL_CONVERSION = YES;
				CLANG_WARN_OBJC_ROOT_CLASS = YES_ERROR;
				CLANG_WARN_RANGE_LOOP_ANALYSIS = YES;
				CLANG_WARN_STRICT_PROTOTYPES = YES;
				CLANG_WARN_SUSPICIOUS_MOVE = YES;
				CLANG_WARN_UNGUARDED_AVAILABILITY = YES_AGGRESSIVE;
				CLANG_WARN_UNREACHABLE_CODE = YES;
				CLANG_WARN__DUPLICATE_METHOD_MATCH = YES;
				CODE_SIGN_IDENTITY = "iPhone Developer";
				COPY_PHASE_STRIP = NO;
				DEBUG_INFORMATION_FORMAT = dwarf;
				ENABLE_STRICT_OBJC_MSGSEND = YES;
				ENABLE_TESTABILITY = YES;
				GCC_C_LANGUAGE_STANDARD = gnu11;
				GCC_DYNAMIC_NO_PIC = NO;
				GCC_NO_COMMON_BLOCKS = YES;
				GCC_OPTIMIZATION_LEVEL = 0;
				GCC_PREPROCESSOR_DEFINITIONS = (
					"DEBUG=1",
					"$(inherited)",
				);
				GCC_WARN_64_TO_32_BIT_CONVERSION = YES;
				GCC_WARN_ABOUT_RETURN_TYPE = YES_ERROR;
				GCC_WARN_UNDECLARED_SELECTOR = YES;
				GCC_WARN_UNINITIALIZED_AUTOS = YES_AGGRESSIVE;
				GCC_WARN_UNUSED_FUNCTION = YES;
				GCC_WARN_UNUSED_VARIABLE = YES;
				IPHONEOS_DEPLOYMENT_TARGET = 12.0;
				MTL_ENABLE_DEBUG_INFO = INCLUDE_SOURCE;
				MTL_FAST_MATH = YES;
				ONLY_ACTIVE_ARCH = YES;
				SDKROOT = iphoneos;
				SWIFT_ACTIVE_COMPILATION_CONDITIONS = DEBUG;
				SWIFT_OPTIMIZATION_LEVEL = "-Onone";
			};
			name = Debug;
		};
		9BB5D5EC2151FDD8005F225C /* Release */ = {
			isa = XCBuildConfiguration;
			buildSettings = {
				ALWAYS_SEARCH_USER_PATHS = NO;
				CLANG_ANALYZER_NONNULL = YES;
				CLANG_ANALYZER_NUMBER_OBJECT_CONVERSION = YES_AGGRESSIVE;
				CLANG_CXX_LANGUAGE_STANDARD = "gnu++14";
				CLANG_CXX_LIBRARY = "libc++";
				CLANG_ENABLE_MODULES = YES;
				CLANG_ENABLE_OBJC_ARC = YES;
				CLANG_ENABLE_OBJC_WEAK = YES;
				CLANG_WARN_BLOCK_CAPTURE_AUTORELEASING = YES;
				CLANG_WARN_BOOL_CONVERSION = YES;
				CLANG_WARN_COMMA = YES;
				CLANG_WARN_CONSTANT_CONVERSION = YES;
				CLANG_WARN_DEPRECATED_OBJC_IMPLEMENTATIONS = YES;
				CLANG_WARN_DIRECT_OBJC_ISA_USAGE = YES_ERROR;
				CLANG_WARN_DOCUMENTATION_COMMENTS = YES;
				CLANG_WARN_EMPTY_BODY = YES;
				CLANG_WARN_ENUM_CONVERSION = YES;
				CLANG_WARN_INFINITE_RECURSION = YES;
				CLANG_WARN_INT_CONVERSION = YES;
				CLANG_WARN_NON_LITERAL_NULL_CONVERSION = YES;
				CLANG_WARN_OBJC_IMPLICIT_RETAIN_SELF = YES;
				CLANG_WARN_OBJC_LITERAL_CONVERSION = YES;
				CLANG_WARN_OBJC_ROOT_CLASS = YES_ERROR;
				CLANG_WARN_RANGE_LOOP_ANALYSIS = YES;
				CLANG_WARN_STRICT_PROTOTYPES = YES;
				CLANG_WARN_SUSPICIOUS_MOVE = YES;
				CLANG_WARN_UNGUARDED_AVAILABILITY = YES_AGGRESSIVE;
				CLANG_WARN_UNREACHABLE_CODE = YES;
				CLANG_WARN__DUPLICATE_METHOD_MATCH = YES;
				CODE_SIGN_IDENTITY = "iPhone Developer";
				COPY_PHASE_STRIP = NO;
				DEBUG_INFORMATION_FORMAT = "dwarf-with-dsym";
				ENABLE_NS_ASSERTIONS = NO;
				ENABLE_STRICT_OBJC_MSGSEND = YES;
				GCC_C_LANGUAGE_STANDARD = gnu11;
				GCC_NO_COMMON_BLOCKS = YES;
				GCC_WARN_64_TO_32_BIT_CONVERSION = YES;
				GCC_WARN_ABOUT_RETURN_TYPE = YES_ERROR;
				GCC_WARN_UNDECLARED_SELECTOR = YES;
				GCC_WARN_UNINITIALIZED_AUTOS = YES_AGGRESSIVE;
				GCC_WARN_UNUSED_FUNCTION = YES;
				GCC_WARN_UNUSED_VARIABLE = YES;
				IPHONEOS_DEPLOYMENT_TARGET = 12.0;
				MTL_ENABLE_DEBUG_INFO = NO;
				MTL_FAST_MATH = YES;
				SDKROOT = iphoneos;
				SWIFT_COMPILATION_MODE = wholemodule;
				SWIFT_OPTIMIZATION_LEVEL = "-O";
				VALIDATE_PRODUCT = YES;
			};
			name = Release;
		};
		9BB5D5EE2151FDD8005F225C /* Debug */ = {
			isa = XCBuildConfiguration;
			baseConfigurationReference = 139FF4D3292717CB87E4DA48 /* Pods-Schedule.debug.xcconfig */;
			buildSettings = {
				ASSETCATALOG_COMPILER_APPICON_NAME = AppIcon;
				CODE_SIGN_STYLE = Automatic;
				DEVELOPMENT_TEAM = CAV3SU72C4;
				INFOPLIST_FILE = Schedule/Info.plist;
				IPHONEOS_DEPLOYMENT_TARGET = 10.3;
				LD_RUNPATH_SEARCH_PATHS = (
					"$(inherited)",
					"@executable_path/Frameworks",
				);
				PRODUCT_BUNDLE_IDENTIFIER = com.laalee.Schedule;
				PRODUCT_NAME = "$(TARGET_NAME)";
				SWIFT_VERSION = 4.2;
				TARGETED_DEVICE_FAMILY = "1,2";
			};
			name = Debug;
		};
		9BB5D5EF2151FDD8005F225C /* Release */ = {
			isa = XCBuildConfiguration;
			baseConfigurationReference = 70149FBBA1AC53051F880E90 /* Pods-Schedule.release.xcconfig */;
			buildSettings = {
				ASSETCATALOG_COMPILER_APPICON_NAME = AppIcon;
				CODE_SIGN_STYLE = Automatic;
				DEVELOPMENT_TEAM = CAV3SU72C4;
				INFOPLIST_FILE = Schedule/Info.plist;
				IPHONEOS_DEPLOYMENT_TARGET = 10.3;
				LD_RUNPATH_SEARCH_PATHS = (
					"$(inherited)",
					"@executable_path/Frameworks",
				);
				PRODUCT_BUNDLE_IDENTIFIER = com.laalee.Schedule;
				PRODUCT_NAME = "$(TARGET_NAME)";
				SWIFT_VERSION = 4.2;
				TARGETED_DEVICE_FAMILY = "1,2";
			};
			name = Release;
		};
/* End XCBuildConfiguration section */

/* Begin XCConfigurationList section */
		9BB5D5D32151FDD2005F225C /* Build configuration list for PBXProject "Schedule" */ = {
			isa = XCConfigurationList;
			buildConfigurations = (
				9BB5D5EB2151FDD8005F225C /* Debug */,
				9BB5D5EC2151FDD8005F225C /* Release */,
			);
			defaultConfigurationIsVisible = 0;
			defaultConfigurationName = Release;
		};
		9BB5D5ED2151FDD8005F225C /* Build configuration list for PBXNativeTarget "Schedule" */ = {
			isa = XCConfigurationList;
			buildConfigurations = (
				9BB5D5EE2151FDD8005F225C /* Debug */,
				9BB5D5EF2151FDD8005F225C /* Release */,
			);
			defaultConfigurationIsVisible = 0;
			defaultConfigurationName = Release;
		};
/* End XCConfigurationList section */

/* Begin XCVersionGroup section */
		9BB5D5E22151FDD2005F225C /* Schedule.xcdatamodeld */ = {
			isa = XCVersionGroup;
			children = (
				9BB5D5E32151FDD2005F225C /* Schedule.xcdatamodel */,
			);
			currentVersion = 9BB5D5E32151FDD2005F225C /* Schedule.xcdatamodel */;
			path = Schedule.xcdatamodeld;
			sourceTree = "<group>";
			versionGroupType = wrapper.xcdatamodel;
		};
/* End XCVersionGroup section */
	};
	rootObject = 9BB5D5D02151FDD2005F225C /* Project object */;
}
